
Microsoft Visual Studio Solution File, Format Version 12.00
# Visual Studio Version 16
VisualStudioVersion = 16.0.31515.178
MinimumVisualStudioVersion = 10.0.40219.1
Project("{8BC9CEB8-8B4A-11D0-8D11-00A0C91BC942}") = "sum_of_consecutive_numbers", "sum_of_consecutive_numbers\sum_of_consecutive_numbers.vcxproj", "{63D08813-7805-4918-A1ED-772A377876DA}"
EndProject
Global
	GlobalSection(SolutionConfigurationPlatforms) = preSolution
		Debug|x64 = Debug|x64
		Debug|x86 = Debug|x86
		Release|x64 = Release|x64
		Release|x86 = Release|x86
	EndGlobalSection
	GlobalSection(ProjectConfigurationPlatforms) = postSolution
		{63D08813-7805-4918-A1ED-772A377876DA}.Debug|x64.ActiveCfg = Debug|x64
		{63D08813-7805-4918-A1ED-772A377876DA}.Debug|x64.Build.0 = Debug|x64
		{63D08813-7805-4918-A1ED-772A377876DA}.Debug|x86.ActiveCfg = Debug|Win32
		{63D08813-7805-4918-A1ED-772A377876DA}.Debug|x86.Build.0 = Debug|Win32
		{63D08813-7805-4918-A1ED-772A377876DA}.Release|x64.ActiveCfg = Release|x64
		{63D08813-7805-4918-A1ED-772A377876DA}.Release|x64.Build.0 = Release|x64
		{63D08813-7805-4918-A1ED-772A377876DA}.Release|x86.ActiveCfg = Release|Win32
		{63D08813-7805-4918-A1ED-772A377876DA}.Release|x86.Build.0 = Release|Win32
	EndGlobalSection
	GlobalSection(SolutionProperties) = preSolution
		HideSolutionNode = FALSE
	EndGlobalSection
	GlobalSection(ExtensibilityGlobals) = postSolution
		SolutionGuid = {703E2328-4384-47B6-9080-8DC54298DAE0}
	EndGlobalSection
EndGlobal
