
Microsoft Visual Studio Solution File, Format Version 12.00
# Visual Studio Version 16
VisualStudioVersion = 16.0.31515.178
MinimumVisualStudioVersion = 10.0.40219.1
Project("{8BC9CEB8-8B4A-11D0-8D11-00A0C91BC942}") = "sum_of_consecutive_numbers", "sum_of_consecutive_numbers\sum_of_consecutive_numbers.vcxproj", "{63D08813-7805-4918-A1ED-772A377876DA}"
EndProject
Project("{8BC9CEB8-8B4A-11D0-8D11-00A0C91BC942}") = "greatest_common_divisor_and_least_common_multiple", "greatest_common_divisor_and_least_common_multiple\greatest_common_divisor_and_least_common_multiple.vcxproj", "{71DEBE6B-0038-4D4E-8F45-C131C211EA83}"
EndProject
Project("{8BC9CEB8-8B4A-11D0-8D11-00A0C91BC942}") = "fibonacci_sequence", "fibonacci_sequence\fibonacci_sequence.vcxproj", "{2174009D-82A0-4A32-8071-40E41B992452}"
EndProject
Project("{8BC9CEB8-8B4A-11D0-8D11-00A0C91BC942}") = "swap_numbers", "swap_numbers\swap_numbers.vcxproj", "{1A5B979F-3E9C-418F-833D-C6758166D01E}"
EndProject
Project("{8BC9CEB8-8B4A-11D0-8D11-00A0C91BC942}") = "sum_of_array", "sum_of_array\sum_of_array.vcxproj", "{1EC48EA2-4C2C-4C8A-B5F5-8A78EDE10E91}"
EndProject
Project("{8BC9CEB8-8B4A-11D0-8D11-00A0C91BC942}") = "count_element_in_array_using_sentinel", "count_element_in_array_using_sentinel\count_element_in_array_using_sentinel.vcxproj", "{4376C8A1-4744-4379-A4D4-65C631C19557}"
EndProject
Project("{8BC9CEB8-8B4A-11D0-8D11-00A0C91BC942}") = "average_of_sentinel_array", "average_of_sentinel_array\average_of_sentinel_array.vcxproj", "{C3F0CBC1-C1F8-4496-877A-D045A602399B}"
EndProject
Project("{8BC9CEB8-8B4A-11D0-8D11-00A0C91BC942}") = "find_prime_number", "find_prime_number\find_prime_number.vcxproj", "{3A5C94D0-136F-4818-B21E-9CE3ADAE2127}"
EndProject
Global
	GlobalSection(SolutionConfigurationPlatforms) = preSolution
		Debug|x64 = Debug|x64
		Debug|x86 = Debug|x86
		Release|x64 = Release|x64
		Release|x86 = Release|x86
	EndGlobalSection
	GlobalSection(ProjectConfigurationPlatforms) = postSolution
		{63D08813-7805-4918-A1ED-772A377876DA}.Debug|x64.ActiveCfg = Debug|x64
		{63D08813-7805-4918-A1ED-772A377876DA}.Debug|x64.Build.0 = Debug|x64
		{63D08813-7805-4918-A1ED-772A377876DA}.Debug|x86.ActiveCfg = Debug|Win32
		{63D08813-7805-4918-A1ED-772A377876DA}.Debug|x86.Build.0 = Debug|Win32
		{63D08813-7805-4918-A1ED-772A377876DA}.Release|x64.ActiveCfg = Release|x64
		{63D08813-7805-4918-A1ED-772A377876DA}.Release|x64.Build.0 = Release|x64
		{63D08813-7805-4918-A1ED-772A377876DA}.Release|x86.ActiveCfg = Release|Win32
		{63D08813-7805-4918-A1ED-772A377876DA}.Release|x86.Build.0 = Release|Win32
		{71DEBE6B-0038-4D4E-8F45-C131C211EA83}.Debug|x64.ActiveCfg = Debug|x64
		{71DEBE6B-0038-4D4E-8F45-C131C211EA83}.Debug|x64.Build.0 = Debug|x64
		{71DEBE6B-0038-4D4E-8F45-C131C211EA83}.Debug|x86.ActiveCfg = Debug|Win32
		{71DEBE6B-0038-4D4E-8F45-C131C211EA83}.Debug|x86.Build.0 = Debug|Win32
		{71DEBE6B-0038-4D4E-8F45-C131C211EA83}.Release|x64.ActiveCfg = Release|x64
		{71DEBE6B-0038-4D4E-8F45-C131C211EA83}.Release|x64.Build.0 = Release|x64
		{71DEBE6B-0038-4D4E-8F45-C131C211EA83}.Release|x86.ActiveCfg = Release|Win32
		{71DEBE6B-0038-4D4E-8F45-C131C211EA83}.Release|x86.Build.0 = Release|Win32
		{2174009D-82A0-4A32-8071-40E41B992452}.Debug|x64.ActiveCfg = Debug|x64
		{2174009D-82A0-4A32-8071-40E41B992452}.Debug|x64.Build.0 = Debug|x64
		{2174009D-82A0-4A32-8071-40E41B992452}.Debug|x86.ActiveCfg = Debug|Win32
		{2174009D-82A0-4A32-8071-40E41B992452}.Debug|x86.Build.0 = Debug|Win32
		{2174009D-82A0-4A32-8071-40E41B992452}.Release|x64.ActiveCfg = Release|x64
		{2174009D-82A0-4A32-8071-40E41B992452}.Release|x64.Build.0 = Release|x64
		{2174009D-82A0-4A32-8071-40E41B992452}.Release|x86.ActiveCfg = Release|Win32
		{2174009D-82A0-4A32-8071-40E41B992452}.Release|x86.Build.0 = Release|Win32
		{1A5B979F-3E9C-418F-833D-C6758166D01E}.Debug|x64.ActiveCfg = Debug|x64
		{1A5B979F-3E9C-418F-833D-C6758166D01E}.Debug|x64.Build.0 = Debug|x64
		{1A5B979F-3E9C-418F-833D-C6758166D01E}.Debug|x86.ActiveCfg = Debug|Win32
		{1A5B979F-3E9C-418F-833D-C6758166D01E}.Debug|x86.Build.0 = Debug|Win32
		{1A5B979F-3E9C-418F-833D-C6758166D01E}.Release|x64.ActiveCfg = Release|x64
		{1A5B979F-3E9C-418F-833D-C6758166D01E}.Release|x64.Build.0 = Release|x64
		{1A5B979F-3E9C-418F-833D-C6758166D01E}.Release|x86.ActiveCfg = Release|Win32
		{1A5B979F-3E9C-418F-833D-C6758166D01E}.Release|x86.Build.0 = Release|Win32
		{1EC48EA2-4C2C-4C8A-B5F5-8A78EDE10E91}.Debug|x64.ActiveCfg = Debug|x64
		{1EC48EA2-4C2C-4C8A-B5F5-8A78EDE10E91}.Debug|x64.Build.0 = Debug|x64
		{1EC48EA2-4C2C-4C8A-B5F5-8A78EDE10E91}.Debug|x86.ActiveCfg = Debug|Win32
		{1EC48EA2-4C2C-4C8A-B5F5-8A78EDE10E91}.Debug|x86.Build.0 = Debug|Win32
		{1EC48EA2-4C2C-4C8A-B5F5-8A78EDE10E91}.Release|x64.ActiveCfg = Release|x64
		{1EC48EA2-4C2C-4C8A-B5F5-8A78EDE10E91}.Release|x64.Build.0 = Release|x64
		{1EC48EA2-4C2C-4C8A-B5F5-8A78EDE10E91}.Release|x86.ActiveCfg = Release|Win32
		{1EC48EA2-4C2C-4C8A-B5F5-8A78EDE10E91}.Release|x86.Build.0 = Release|Win32
		{4376C8A1-4744-4379-A4D4-65C631C19557}.Debug|x64.ActiveCfg = Debug|x64
		{4376C8A1-4744-4379-A4D4-65C631C19557}.Debug|x64.Build.0 = Debug|x64
		{4376C8A1-4744-4379-A4D4-65C631C19557}.Debug|x86.ActiveCfg = Debug|Win32
		{4376C8A1-4744-4379-A4D4-65C631C19557}.Debug|x86.Build.0 = Debug|Win32
		{4376C8A1-4744-4379-A4D4-65C631C19557}.Release|x64.ActiveCfg = Release|x64
		{4376C8A1-4744-4379-A4D4-65C631C19557}.Release|x64.Build.0 = Release|x64
		{4376C8A1-4744-4379-A4D4-65C631C19557}.Release|x86.ActiveCfg = Release|Win32
		{4376C8A1-4744-4379-A4D4-65C631C19557}.Release|x86.Build.0 = Release|Win32
		{C3F0CBC1-C1F8-4496-877A-D045A602399B}.Debug|x64.ActiveCfg = Debug|x64
		{C3F0CBC1-C1F8-4496-877A-D045A602399B}.Debug|x64.Build.0 = Debug|x64
		{C3F0CBC1-C1F8-4496-877A-D045A602399B}.Debug|x86.ActiveCfg = Debug|Win32
		{C3F0CBC1-C1F8-4496-877A-D045A602399B}.Debug|x86.Build.0 = Debug|Win32
		{C3F0CBC1-C1F8-4496-877A-D045A602399B}.Release|x64.ActiveCfg = Release|x64
		{C3F0CBC1-C1F8-4496-877A-D045A602399B}.Release|x64.Build.0 = Release|x64
		{C3F0CBC1-C1F8-4496-877A-D045A602399B}.Release|x86.ActiveCfg = Release|Win32
		{C3F0CBC1-C1F8-4496-877A-D045A602399B}.Release|x86.Build.0 = Release|Win32
		{3A5C94D0-136F-4818-B21E-9CE3ADAE2127}.Debug|x64.ActiveCfg = Debug|x64
		{3A5C94D0-136F-4818-B21E-9CE3ADAE2127}.Debug|x64.Build.0 = Debug|x64
		{3A5C94D0-136F-4818-B21E-9CE3ADAE2127}.Debug|x86.ActiveCfg = Debug|Win32
		{3A5C94D0-136F-4818-B21E-9CE3ADAE2127}.Debug|x86.Build.0 = Debug|Win32
		{3A5C94D0-136F-4818-B21E-9CE3ADAE2127}.Release|x64.ActiveCfg = Release|x64
		{3A5C94D0-136F-4818-B21E-9CE3ADAE2127}.Release|x64.Build.0 = Release|x64
		{3A5C94D0-136F-4818-B21E-9CE3ADAE2127}.Release|x86.ActiveCfg = Release|Win32
		{3A5C94D0-136F-4818-B21E-9CE3ADAE2127}.Release|x86.Build.0 = Release|Win32
	EndGlobalSection
	GlobalSection(SolutionProperties) = preSolution
		HideSolutionNode = FALSE
	EndGlobalSection
	GlobalSection(ExtensibilityGlobals) = postSolution
		SolutionGuid = {703E2328-4384-47B6-9080-8DC54298DAE0}
	EndGlobalSection
EndGlobal
